// !$*UTF8*$!
{
	archiveVersion = 1;
	classes = {
	};
	objectVersion = 48;
	objects = {

/* Begin PBXAggregateTarget section */
		1A0A6682202DAA2C008DA5A3 /* KKWebSocket.framework */ = {
			isa = PBXAggregateTarget;
			buildConfigurationList = 1A0A6683202DAA2C008DA5A3 /* Build configuration list for PBXAggregateTarget "KKWebSocket.framework" */;
			buildPhases = (
				1A0A6686202DAA4A008DA5A3 /* ShellScript */,
			);
			dependencies = (
			);
			name = KKWebSocket.framework;
			productName = KKWebSocket.framework;
		};
/* End PBXAggregateTarget section */

/* Begin PBXBuildFile section */
		1A0A667A202D9529008DA5A3 /* KKWebSocket.h in Headers */ = {isa = PBXBuildFile; fileRef = 1A0A6678202D9529008DA5A3 /* KKWebSocket.h */; settings = {ATTRIBUTES = (Public, ); }; };
		1A0A6681202D956F008DA5A3 /* KKWebSocket.m in Sources */ = {isa = PBXBuildFile; fileRef = 1A0A6680202D956F008DA5A3 /* KKWebSocket.m */; };
		1AC8941120A30A8500F3E4CA /* KKJSWebSocket.h in Headers */ = {isa = PBXBuildFile; fileRef = 1AC8940F20A30A8500F3E4CA /* KKJSWebSocket.h */; settings = {ATTRIBUTES = (Public, ); }; };
		1AC8941220A30A8500F3E4CA /* KKJSWebSocket.m in Sources */ = {isa = PBXBuildFile; fileRef = 1AC8941020A30A8500F3E4CA /* KKJSWebSocket.m */; };
/* End PBXBuildFile section */

/* Begin PBXFileReference section */
		1A0A6675202D9529008DA5A3 /* KKWebSocket.framework */ = {isa = PBXFileReference; explicitFileType = wrapper.framework; includeInIndex = 0; path = KKWebSocket.framework; sourceTree = BUILT_PRODUCTS_DIR; };
		1A0A6678202D9529008DA5A3 /* KKWebSocket.h */ = {isa = PBXFileReference; lastKnownFileType = sourcecode.c.h; path = KKWebSocket.h; sourceTree = "<group>"; };
		1A0A6679202D9529008DA5A3 /* Info.plist */ = {isa = PBXFileReference; lastKnownFileType = text.plist.xml; path = Info.plist; sourceTree = "<group>"; };
		1A0A6680202D956F008DA5A3 /* KKWebSocket.m */ = {isa = PBXFileReference; lastKnownFileType = sourcecode.c.objc; path = KKWebSocket.m; sourceTree = "<group>"; };
		1AC8940F20A30A8500F3E4CA /* KKJSWebSocket.h */ = {isa = PBXFileReference; lastKnownFileType = sourcecode.c.h; path = KKJSWebSocket.h; sourceTree = "<group>"; };
		1AC8941020A30A8500F3E4CA /* KKJSWebSocket.m */ = {isa = PBXFileReference; lastKnownFileType = sourcecode.c.objc; path = KKJSWebSocket.m; sourceTree = "<group>"; };
/* End PBXFileReference section */

/* Begin PBXFrameworksBuildPhase section */
		1A0A6671202D9529008DA5A3 /* Frameworks */ = {
			isa = PBXFrameworksBuildPhase;
			buildActionMask = 2147483647;
			files = (
			);
			runOnlyForDeploymentPostprocessing = 0;
		};
/* End PBXFrameworksBuildPhase section */

/* Begin PBXGroup section */
		1A0A666B202D9529008DA5A3 = {
			isa = PBXGroup;
			children = (
				1A0A6677202D9529008DA5A3 /* KKWebSocket */,
				1A0A6676202D9529008DA5A3 /* Products */,
			);
			sourceTree = "<group>";
		};
		1A0A6676202D9529008DA5A3 /* Products */ = {
			isa = PBXGroup;
			children = (
				1A0A6675202D9529008DA5A3 /* KKWebSocket.framework */,
			);
			name = Products;
			sourceTree = "<group>";
		};
		1A0A6677202D9529008DA5A3 /* KKWebSocket */ = {
			isa = PBXGroup;
			children = (
				1A0A6678202D9529008DA5A3 /* KKWebSocket.h */,
				1A0A6680202D956F008DA5A3 /* KKWebSocket.m */,
				1AC8940F20A30A8500F3E4CA /* KKJSWebSocket.h */,
				1AC8941020A30A8500F3E4CA /* KKJSWebSocket.m */,
				1A0A6679202D9529008DA5A3 /* Info.plist */,
			);
			path = KKWebSocket;
			sourceTree = "<group>";
		};
/* End PBXGroup section */

/* Begin PBXHeadersBuildPhase section */
		1A0A6672202D9529008DA5A3 /* Headers */ = {
			isa = PBXHeadersBuildPhase;
			buildActionMask = 2147483647;
			files = (
				1A0A667A202D9529008DA5A3 /* KKWebSocket.h in Headers */,
				1AC8941120A30A8500F3E4CA /* KKJSWebSocket.h in Headers */,
			);
			runOnlyForDeploymentPostprocessing = 0;
		};
/* End PBXHeadersBuildPhase section */

/* Begin PBXNativeTarget section */
		1A0A6674202D9529008DA5A3 /* KKWebSocket */ = {
			isa = PBXNativeTarget;
			buildConfigurationList = 1A0A667D202D9529008DA5A3 /* Build configuration list for PBXNativeTarget "KKWebSocket" */;
			buildPhases = (
				1A0A6670202D9529008DA5A3 /* Sources */,
				1A0A6671202D9529008DA5A3 /* Frameworks */,
				1A0A6672202D9529008DA5A3 /* Headers */,
				1A0A6673202D9529008DA5A3 /* Resources */,
			);
			buildRules = (
			);
			dependencies = (
			);
			name = KKWebSocket;
			productName = KKWebSocket;
			productReference = 1A0A6675202D9529008DA5A3 /* KKWebSocket.framework */;
			productType = "com.apple.product-type.framework";
		};
/* End PBXNativeTarget section */

/* Begin PBXProject section */
		1A0A666C202D9529008DA5A3 /* Project object */ = {
			isa = PBXProject;
			attributes = {
				LastUpgradeCheck = 0920;
				ORGANIZATIONNAME = kkmofang.cn;
				TargetAttributes = {
					1A0A6674202D9529008DA5A3 = {
						CreatedOnToolsVersion = 9.2;
						ProvisioningStyle = Automatic;
					};
					1A0A6682202DAA2C008DA5A3 = {
						CreatedOnToolsVersion = 9.2;
						ProvisioningStyle = Automatic;
					};
				};
			};
			buildConfigurationList = 1A0A666F202D9529008DA5A3 /* Build configuration list for PBXProject "KKWebSocket" */;
			compatibilityVersion = "Xcode 8.0";
			developmentRegion = en;
			hasScannedForEncodings = 0;
			knownRegions = (
				en,
			);
			mainGroup = 1A0A666B202D9529008DA5A3;
			productRefGroup = 1A0A6676202D9529008DA5A3 /* Products */;
			projectDirPath = "";
			projectRoot = "";
			targets = (
				1A0A6674202D9529008DA5A3 /* KKWebSocket */,
				1A0A6682202DAA2C008DA5A3 /* KKWebSocket.framework */,
			);
		};
/* End PBXProject section */

/* Begin PBXResourcesBuildPhase section */
		1A0A6673202D9529008DA5A3 /* Resources */ = {
			isa = PBXResourcesBuildPhase;
			buildActionMask = 2147483647;
			files = (
			);
			runOnlyForDeploymentPostprocessing = 0;
		};
/* End PBXResourcesBuildPhase section */

/* Begin PBXShellScriptBuildPhase section */
		1A0A6686202DAA4A008DA5A3 /* ShellScript */ = {
			isa = PBXShellScriptBuildPhase;
			buildActionMask = 2147483647;
			files = (
			);
			inputPaths = (
			);
			outputPaths = (
			);
			runOnlyForDeploymentPostprocessing = 0;
			shellPath = /bin/sh;
			shellScript = "\nFMK_NAME=${PROJECT_NAME}\n\nINSTALL_DIR=${SRCROOT}/../${FMK_NAME}.framework\n\nWRK_DIR=build\n\nDEVICE_DIR=${WRK_DIR}/Release-iphoneos/${FMK_NAME}.framework\n\nSIMULATOR_DIR=${WRK_DIR}/Release-iphonesimulator/${FMK_NAME}.framework\n\nxcodebuild -configuration \"Release\" -target \"${FMK_NAME}\" -sdk iphoneos clean build\n\nxcodebuild -configuration \"Release\" -target \"${FMK_NAME}\" -sdk iphonesimulator clean build\n\nif [ -d \"${INSTALL_DIR}\" ]\n\nthen\n\nrm -rf \"${INSTALL_DIR}\"\n\nfi\n\nmkdir -p \"${INSTALL_DIR}\"\n\ncp -R \"${DEVICE_DIR}/\" \"${INSTALL_DIR}/\"\n\nlipo -create \"${DEVICE_DIR}/${FMK_NAME}\" \"${SIMULATOR_DIR}/${FMK_NAME}\" -output \"${INSTALL_DIR}/${FMK_NAME}\"\n\nrm -r \"${WRK_DIR}\"\n\nopen \"${INSTALL_DIR}\"\n";
		};
/* End PBXShellScriptBuildPhase section */

/* Begin PBXSourcesBuildPhase section */
		1A0A6670202D9529008DA5A3 /* Sources */ = {
			isa = PBXSourcesBuildPhase;
			buildActionMask = 2147483647;
			files = (
				1AC8941220A30A8500F3E4CA /* KKJSWebSocket.m in Sources */,
				1A0A6681202D956F008DA5A3 /* KKWebSocket.m in Sources */,
			);
			runOnlyForDeploymentPostprocessing = 0;
		};
/* End PBXSourcesBuildPhase section */

/* Begin XCBuildConfiguration section */
		1A0A667B202D9529008DA5A3 /* Debug */ = {
			isa = XCBuildConfiguration;
			buildSettings = {
				ALWAYS_SEARCH_USER_PATHS = NO;
				CLANG_ANALYZER_NONNULL = YES;
				CLANG_ANALYZER_NUMBER_OBJECT_CONVERSION = YES_AGGRESSIVE;
				CLANG_CXX_LANGUAGE_STANDARD = "gnu++14";
				CLANG_CXX_LIBRARY = "libc++";
				CLANG_ENABLE_MODULES = YES;
				CLANG_ENABLE_OBJC_ARC = YES;
				CLANG_WARN_BLOCK_CAPTURE_AUTORELEASING = YES;
				CLANG_WARN_BOOL_CONVERSION = YES;
				CLANG_WARN_COMMA = YES;
				CLANG_WARN_CONSTANT_CONVERSION = YES;
				CLANG_WARN_DIRECT_OBJC_ISA_USAGE = YES_ERROR;
				CLANG_WARN_DOCUMENTATION_COMMENTS = YES;
				CLANG_WARN_EMPTY_BODY = YES;
				CLANG_WARN_ENUM_CONVERSION = YES;
				CLANG_WARN_INFINITE_RECURSION = YES;
				CLANG_WARN_INT_CONVERSION = YES;
				CLANG_WARN_NON_LITERAL_NULL_CONVERSION = YES;
				CLANG_WARN_OBJC_LITERAL_CONVERSION = YES;
				CLANG_WARN_OBJC_ROOT_CLASS = YES_ERROR;
				CLANG_WARN_RANGE_LOOP_ANALYSIS = YES;
				CLANG_WARN_STRICT_PROTOTYPES = YES;
				CLANG_WARN_SUSPICIOUS_MOVE = YES;
				CLANG_WARN_UNGUARDED_AVAILABILITY = YES_AGGRESSIVE;
				CLANG_WARN_UNREACHABLE_CODE = YES;
				CLANG_WARN__DUPLICATE_METHOD_MATCH = YES;
				CODE_SIGN_IDENTITY = "iPhone Developer";
				COPY_PHASE_STRIP = NO;
				CURRENT_PROJECT_VERSION = 1;
				DEBUG_INFORMATION_FORMAT = dwarf;
				ENABLE_STRICT_OBJC_MSGSEND = YES;
				ENABLE_TESTABILITY = YES;
				GCC_C_LANGUAGE_STANDARD = gnu11;
				GCC_DYNAMIC_NO_PIC = NO;
				GCC_NO_COMMON_BLOCKS = YES;
				GCC_OPTIMIZATION_LEVEL = 0;
				GCC_PREPROCESSOR_DEFINITIONS = (
					"DEBUG=1",
					"$(inherited)",
				);
				GCC_WARN_64_TO_32_BIT_CONVERSION = YES;
				GCC_WARN_ABOUT_RETURN_TYPE = YES_ERROR;
				GCC_WARN_UNDECLARED_SELECTOR = YES;
				GCC_WARN_UNINITIALIZED_AUTOS = YES_AGGRESSIVE;
				GCC_WARN_UNUSED_FUNCTION = YES;
				GCC_WARN_UNUSED_VARIABLE = YES;
				IPHONEOS_DEPLOYMENT_TARGET = 11.2;
				MTL_ENABLE_DEBUG_INFO = YES;
				ONLY_ACTIVE_ARCH = YES;
				SDKROOT = iphoneos;
				VERSIONING_SYSTEM = "apple-generic";
				VERSION_INFO_PREFIX = "";
			};
			name = Debug;
		};
		1A0A667C202D9529008DA5A3 /* Release */ = {
			isa = XCBuildConfiguration;
			buildSettings = {
				ALWAYS_SEARCH_USER_PATHS = NO;
				CLANG_ANALYZER_NONNULL = YES;
				CLANG_ANALYZER_NUMBER_OBJECT_CONVERSION = YES_AGGRESSIVE;
				CLANG_CXX_LANGUAGE_STANDARD = "gnu++14";
				CLANG_CXX_LIBRARY = "libc++";
				CLANG_ENABLE_MODULES = YES;
				CLANG_ENABLE_OBJC_ARC = YES;
				CLANG_WARN_BLOCK_CAPTURE_AUTORELEASING = YES;
				CLANG_WARN_BOOL_CONVERSION = YES;
				CLANG_WARN_COMMA = YES;
				CLANG_WARN_CONSTANT_CONVERSION = YES;
				CLANG_WARN_DIRECT_OBJC_ISA_USAGE = YES_ERROR;
				CLANG_WARN_DOCUMENTATION_COMMENTS = YES;
				CLANG_WARN_EMPTY_BODY = YES;
				CLANG_WARN_ENUM_CONVERSION = YES;
				CLANG_WARN_INFINITE_RECURSION = YES;
				CLANG_WARN_INT_CONVERSION = YES;
				CLANG_WARN_NON_LITERAL_NULL_CONVERSION = YES;
				CLANG_WARN_OBJC_LITERAL_CONVERSION = YES;
				CLANG_WARN_OBJC_ROOT_CLASS = YES_ERROR;
				CLANG_WARN_RANGE_LOOP_ANALYSIS = YES;
				CLANG_WARN_STRICT_PROTOTYPES = YES;
				CLANG_WARN_SUSPICIOUS_MOVE = YES;
				CLANG_WARN_UNGUARDED_AVAILABILITY = YES_AGGRESSIVE;
				CLANG_WARN_UNREACHABLE_CODE = YES;
				CLANG_WARN__DUPLICATE_METHOD_MATCH = YES;
				CODE_SIGN_IDENTITY = "iPhone Developer";
				COPY_PHASE_STRIP = NO;
				CURRENT_PROJECT_VERSION = 1;
				DEBUG_INFORMATION_FORMAT = "dwarf-with-dsym";
				ENABLE_NS_ASSERTIONS = NO;
				ENABLE_STRICT_OBJC_MSGSEND = YES;
				GCC_C_LANGUAGE_STANDARD = gnu11;
				GCC_NO_COMMON_BLOCKS = YES;
				GCC_WARN_64_TO_32_BIT_CONVERSION = YES;
				GCC_WARN_ABOUT_RETURN_TYPE = YES_ERROR;
				GCC_WARN_UNDECLARED_SELECTOR = YES;
				GCC_WARN_UNINITIALIZED_AUTOS = YES_AGGRESSIVE;
				GCC_WARN_UNUSED_FUNCTION = YES;
				GCC_WARN_UNUSED_VARIABLE = YES;
				IPHONEOS_DEPLOYMENT_TARGET = 11.2;
				MTL_ENABLE_DEBUG_INFO = NO;
				SDKROOT = iphoneos;
				VALIDATE_PRODUCT = YES;
				VERSIONING_SYSTEM = "apple-generic";
				VERSION_INFO_PREFIX = "";
			};
			name = Release;
		};
		1A0A667E202D9529008DA5A3 /* Debug */ = {
			isa = XCBuildConfiguration;
			buildSettings = {
				CODE_SIGN_IDENTITY = "";
				CODE_SIGN_STYLE = Automatic;
				DEAD_CODE_STRIPPING = NO;
				DEFINES_MODULE = YES;
				ENABLE_BITCODE = NO;
				INFOPLIST_FILE = KKWebSocket/Info.plist;
				INSTALL_PATH = "$(LOCAL_LIBRARY_DIR)/Frameworks";
				IPHONEOS_DEPLOYMENT_TARGET = 8.0;
				LINK_WITH_STANDARD_LIBRARIES = NO;
				MACH_O_TYPE = staticlib;
				PRODUCT_BUNDLE_IDENTIFIER = cn.kkmofang.KKWebSocket;
				PRODUCT_NAME = "$(TARGET_NAME:c99extidentifier)";
				SKIP_INSTALL = YES;
				TARGETED_DEVICE_FAMILY = "1,2";
			};
			name = Debug;
		};
		1A0A667F202D9529008DA5A3 /* Release */ = {
			isa = XCBuildConfiguration;
			buildSettings = {
				CODE_SIGN_IDENTITY = "";
				CODE_SIGN_STYLE = Automatic;
				DEAD_CODE_STRIPPING = NO;
				DEFINES_MODULE = YES;
				ENABLE_BITCODE = NO;
				INFOPLIST_FILE = KKWebSocket/Info.plist;
				INSTALL_PATH = "$(LOCAL_LIBRARY_DIR)/Frameworks";
				IPHONEOS_DEPLOYMENT_TARGET = 8.0;
				LINK_WITH_STANDARD_LIBRARIES = NO;
				MACH_O_TYPE = staticlib;
				PRODUCT_BUNDLE_IDENTIFIER = cn.kkmofang.KKWebSocket;
				PRODUCT_NAME = "$(TARGET_NAME:c99extidentifier)";
				SKIP_INSTALL = YES;
				TARGETED_DEVICE_FAMILY = "1,2";
			};
			name = Release;
		};
		1A0A6684202DAA2C008DA5A3 /* Debug */ = {
			isa = XCBuildConfiguration;
			buildSettings = {
				CODE_SIGN_STYLE = Automatic;
				PRODUCT_NAME = "$(TARGET_NAME)";
			};
			name = Debug;
		};
		1A0A6685202DAA2C008DA5A3 /* Release */ = {
			isa = XCBuildConfiguration;
			buildSettings = {
				CODE_SIGN_STYLE = Automatic;
				PRODUCT_NAME = "$(TARGET_NAME)";
			};
			name = Release;
		};
/* End XCBuildConfiguration section */

/* Begin XCConfigurationList section */
		1A0A666F202D9529008DA5A3 /* Build configuration list for PBXProject "KKWebSocket" */ = {
			isa = XCConfigurationList;
			buildConfigurations = (
				1A0A667B202D9529008DA5A3 /* Debug */,
				1A0A667C202D9529008DA5A3 /* Release */,
			);
			defaultConfigurationIsVisible = 0;
			defaultConfigurationName = Release;
		};
		1A0A667D202D9529008DA5A3 /* Build configuration list for PBXNativeTarget "KKWebSocket" */ = {
			isa = XCConfigurationList;
			buildConfigurations = (
				1A0A667E202D9529008DA5A3 /* Debug */,
				1A0A667F202D9529008DA5A3 /* Release */,
			);
			defaultConfigurationIsVisible = 0;
			defaultConfigurationName = Release;
		};
		1A0A6683202DAA2C008DA5A3 /* Build configuration list for PBXAggregateTarget "KKWebSocket.framework" */ = {
			isa = XCConfigurationList;
			buildConfigurations = (
				1A0A6684202DAA2C008DA5A3 /* Debug */,
				1A0A6685202DAA2C008DA5A3 /* Release */,
			);
			defaultConfigurationIsVisible = 0;
			defaultConfigurationName = Release;
		};
/* End XCConfigurationList section */
	};
	rootObject = 1A0A666C202D9529008DA5A3 /* Project object */;
}
